
Microsoft Visual Studio Solution File, Format Version 12.00
# Visual Studio 14
VisualStudioVersion = 14.0.25420.1
MinimumVisualStudioVersion = 10.0.40219.1
Project("{FAE04EC0-301F-11D3-BF4B-00C04F79EFBC}") = "AmuSqlHelper", "AmuSqlHelper\AmuSqlHelper.csproj", "{7F8C9CEF-18FF-4BE7-8E09-B9574BA92C09}"
EndProject
Project("{FAE04EC0-301F-11D3-BF4B-00C04F79EFBC}") = "Test", "Test\Test.csproj", "{32385CCB-571A-48CA-B017-666BE1923480}"
EndProject
Global
	GlobalSection(SolutionConfigurationPlatforms) = preSolution
		Debug|Any CPU = Debug|Any CPU
		Release|Any CPU = Release|Any CPU
	EndGlobalSection
	GlobalSection(ProjectConfigurationPlatforms) = postSolution
		{7F8C9CEF-18FF-4BE7-8E09-B9574BA92C09}.Debug|Any CPU.ActiveCfg = Debug|Any CPU
		{7F8C9CEF-18FF-4BE7-8E09-B9574BA92C09}.Debug|Any CPU.Build.0 = Debug|Any CPU
		{7F8C9CEF-18FF-4BE7-8E09-B9574BA92C09}.Release|Any CPU.ActiveCfg = Release|Any CPU
		{7F8C9CEF-18FF-4BE7-8E09-B9574BA92C09}.Release|Any CPU.Build.0 = Release|Any CPU
		{32385CCB-571A-48CA-B017-666BE1923480}.Debug|Any CPU.ActiveCfg = Debug|Any CPU
		{32385CCB-571A-48CA-B017-666BE1923480}.Debug|Any CPU.Build.0 = Debug|Any CPU
		{32385CCB-571A-48CA-B017-666BE1923480}.Release|Any CPU.ActiveCfg = Release|Any CPU
		{32385CCB-571A-48CA-B017-666BE1923480}.Release|Any CPU.Build.0 = Release|Any CPU
	EndGlobalSection
	GlobalSection(SolutionProperties) = preSolution
		HideSolutionNode = FALSE
	EndGlobalSection
EndGlobal
